
Microsoft Visual Studio Solution File, Format Version 12.00
# Visual Studio Version 16
VisualStudioVersion = 16.0.29215.179
MinimumVisualStudioVersion = 10.0.40219.1
Project("{2150E333-8FDC-42A3-9474-1A3956D46DE8}") = "RFID", "RFID", "{2C713B63-D0AC-4C70-AD6F-08CEE68B1FC5}"
EndProject
Project("{9A19103F-16F7-4668-BE54-9A1E7A4F7556}") = "RfidApi", "Rfid\Api\RfidApi\RfidApi.csproj", "{CDB31B4B-FD7E-4ED3-ADA0-C23567B65256}"
EndProject
Project("{9A19103F-16F7-4668-BE54-9A1E7A4F7556}") = "RfidApi.Core", "Rfid\Api\RfidApi.Core\RfidApi.Core.csproj", "{6EEEE8CE-E288-48CC-9905-513F25C2A3ED}"
EndProject
Project("{9A19103F-16F7-4668-BE54-9A1E7A4F7556}") = "RfidScanner", "Rfid\Scanner\RfidScanner\RfidScanner.csproj", "{F8A40BCE-CDA5-434E-A4D8-2C6049DB979C}"
EndProject
Project("{2150E333-8FDC-42A3-9474-1A3956D46DE8}") = "Shared", "Shared", "{25701338-CEC0-4CCD-852B-35DE3AC40AF0}"
EndProject
Project("{2150E333-8FDC-42A3-9474-1A3956D46DE8}") = "Api", "Api", "{7A66CEAC-4524-4837-AF14-31BFD92287F7}"
EndProject
Project("{2150E333-8FDC-42A3-9474-1A3956D46DE8}") = "Scanner", "Scanner", "{EDD5ED46-E308-4992-8DCE-1C3351E20D61}"
EndProject
Project("{9A19103F-16F7-4668-BE54-9A1E7A4F7556}") = "Rfid.Logger", "Rfid\Shared\Rfid.Logger\Rfid.Logger.csproj", "{A81D339C-2466-46A0-B460-1EB498F8A574}"
EndProject
Project("{9A19103F-16F7-4668-BE54-9A1E7A4F7556}") = "Rfid.Persistence", "Rfid\Shared\Rfid.Persistence\Rfid.Persistence.csproj", "{7E3F654A-14E1-43F1-9D2C-B0ED24B33D83}"
EndProject
Project("{9A19103F-16F7-4668-BE54-9A1E7A4F7556}") = "Rfid.Persistence.Domain", "Rfid\Shared\Rfid.Persistence.Domain\Rfid.Persistence.Domain.csproj", "{68C7ADD7-4352-4D0B-AD2B-AD48448E8D10}"
EndProject
Project("{9A19103F-16F7-4668-BE54-9A1E7A4F7556}") = "Rfid.Persistence.MongoDb", "Rfid\Shared\Rfid.Persistence.MongoDb\Rfid.Persistence.MongoDb.csproj", "{8D814027-8116-4278-AB51-BAEFBFC310B3}"
EndProject
Global
	GlobalSection(SolutionConfigurationPlatforms) = preSolution
		Debug|Any CPU = Debug|Any CPU
		Release|Any CPU = Release|Any CPU
	EndGlobalSection
	GlobalSection(ProjectConfigurationPlatforms) = postSolution
		{CDB31B4B-FD7E-4ED3-ADA0-C23567B65256}.Debug|Any CPU.ActiveCfg = Debug|Any CPU
		{CDB31B4B-FD7E-4ED3-ADA0-C23567B65256}.Debug|Any CPU.Build.0 = Debug|Any CPU
		{CDB31B4B-FD7E-4ED3-ADA0-C23567B65256}.Release|Any CPU.ActiveCfg = Release|Any CPU
		{CDB31B4B-FD7E-4ED3-ADA0-C23567B65256}.Release|Any CPU.Build.0 = Release|Any CPU
		{6EEEE8CE-E288-48CC-9905-513F25C2A3ED}.Debug|Any CPU.ActiveCfg = Debug|Any CPU
		{6EEEE8CE-E288-48CC-9905-513F25C2A3ED}.Debug|Any CPU.Build.0 = Debug|Any CPU
		{6EEEE8CE-E288-48CC-9905-513F25C2A3ED}.Release|Any CPU.ActiveCfg = Release|Any CPU
		{6EEEE8CE-E288-48CC-9905-513F25C2A3ED}.Release|Any CPU.Build.0 = Release|Any CPU
		{F8A40BCE-CDA5-434E-A4D8-2C6049DB979C}.Debug|Any CPU.ActiveCfg = Debug|Any CPU
		{F8A40BCE-CDA5-434E-A4D8-2C6049DB979C}.Debug|Any CPU.Build.0 = Debug|Any CPU
		{F8A40BCE-CDA5-434E-A4D8-2C6049DB979C}.Release|Any CPU.ActiveCfg = Release|Any CPU
		{F8A40BCE-CDA5-434E-A4D8-2C6049DB979C}.Release|Any CPU.Build.0 = Release|Any CPU
		{A81D339C-2466-46A0-B460-1EB498F8A574}.Debug|Any CPU.ActiveCfg = Debug|Any CPU
		{A81D339C-2466-46A0-B460-1EB498F8A574}.Debug|Any CPU.Build.0 = Debug|Any CPU
		{A81D339C-2466-46A0-B460-1EB498F8A574}.Release|Any CPU.ActiveCfg = Release|Any CPU
		{A81D339C-2466-46A0-B460-1EB498F8A574}.Release|Any CPU.Build.0 = Release|Any CPU
		{7E3F654A-14E1-43F1-9D2C-B0ED24B33D83}.Debug|Any CPU.ActiveCfg = Debug|Any CPU
		{7E3F654A-14E1-43F1-9D2C-B0ED24B33D83}.Debug|Any CPU.Build.0 = Debug|Any CPU
		{7E3F654A-14E1-43F1-9D2C-B0ED24B33D83}.Release|Any CPU.ActiveCfg = Release|Any CPU
		{7E3F654A-14E1-43F1-9D2C-B0ED24B33D83}.Release|Any CPU.Build.0 = Release|Any CPU
		{68C7ADD7-4352-4D0B-AD2B-AD48448E8D10}.Debug|Any CPU.ActiveCfg = Debug|Any CPU
		{68C7ADD7-4352-4D0B-AD2B-AD48448E8D10}.Debug|Any CPU.Build.0 = Debug|Any CPU
		{68C7ADD7-4352-4D0B-AD2B-AD48448E8D10}.Release|Any CPU.ActiveCfg = Release|Any CPU
		{68C7ADD7-4352-4D0B-AD2B-AD48448E8D10}.Release|Any CPU.Build.0 = Release|Any CPU
		{8D814027-8116-4278-AB51-BAEFBFC310B3}.Debug|Any CPU.ActiveCfg = Debug|Any CPU
		{8D814027-8116-4278-AB51-BAEFBFC310B3}.Debug|Any CPU.Build.0 = Debug|Any CPU
		{8D814027-8116-4278-AB51-BAEFBFC310B3}.Release|Any CPU.ActiveCfg = Release|Any CPU
		{8D814027-8116-4278-AB51-BAEFBFC310B3}.Release|Any CPU.Build.0 = Release|Any CPU
	EndGlobalSection
	GlobalSection(SolutionProperties) = preSolution
		HideSolutionNode = FALSE
	EndGlobalSection
	GlobalSection(NestedProjects) = preSolution
		{CDB31B4B-FD7E-4ED3-ADA0-C23567B65256} = {7A66CEAC-4524-4837-AF14-31BFD92287F7}
		{6EEEE8CE-E288-48CC-9905-513F25C2A3ED} = {7A66CEAC-4524-4837-AF14-31BFD92287F7}
		{F8A40BCE-CDA5-434E-A4D8-2C6049DB979C} = {EDD5ED46-E308-4992-8DCE-1C3351E20D61}
		{25701338-CEC0-4CCD-852B-35DE3AC40AF0} = {2C713B63-D0AC-4C70-AD6F-08CEE68B1FC5}
		{7A66CEAC-4524-4837-AF14-31BFD92287F7} = {2C713B63-D0AC-4C70-AD6F-08CEE68B1FC5}
		{EDD5ED46-E308-4992-8DCE-1C3351E20D61} = {2C713B63-D0AC-4C70-AD6F-08CEE68B1FC5}
		{A81D339C-2466-46A0-B460-1EB498F8A574} = {25701338-CEC0-4CCD-852B-35DE3AC40AF0}
		{7E3F654A-14E1-43F1-9D2C-B0ED24B33D83} = {25701338-CEC0-4CCD-852B-35DE3AC40AF0}
		{68C7ADD7-4352-4D0B-AD2B-AD48448E8D10} = {25701338-CEC0-4CCD-852B-35DE3AC40AF0}
		{8D814027-8116-4278-AB51-BAEFBFC310B3} = {25701338-CEC0-4CCD-852B-35DE3AC40AF0}
	EndGlobalSection
	GlobalSection(ExtensibilityGlobals) = postSolution
		SolutionGuid = {6161DE5D-7C6A-4704-8141-C7E33D37723B}
	EndGlobalSection
EndGlobal
